// !$*UTF8*$!
{
	archiveVersion = 1;
	classes = {
	};
	objectVersion = 46;
	objects = {

/* Begin PBXBuildFile section */
		360622BF3A74601B75290B3C /* libPods-dementiahack.a in Frameworks */ = {isa = PBXBuildFile; fileRef = 0BDC0B7073947D6AE7B4BF51 /* libPods-dementiahack.a */; };
		AA2CD1F41BEE9D3500942C4B /* StartViewController.m in Sources */ = {isa = PBXBuildFile; fileRef = AA2CD1F31BEE9D3500942C4B /* StartViewController.m */; };
		AA2CD1FE1BEEAF9300942C4B /* Database.xcdatamodeld in Sources */ = {isa = PBXBuildFile; fileRef = AA2CD1FC1BEEAF9200942C4B /* Database.xcdatamodeld */; };
		AA2CD20F1BEEB66900942C4B /* Answer+CoreDataProperties.m in Sources */ = {isa = PBXBuildFile; fileRef = AA2CD2001BEEB66900942C4B /* Answer+CoreDataProperties.m */; };
		AA2CD2101BEEB66900942C4B /* Answer.m in Sources */ = {isa = PBXBuildFile; fileRef = AA2CD2021BEEB66900942C4B /* Answer.m */; };
		AA2CD2111BEEB66900942C4B /* AudioAnswer+CoreDataProperties.m in Sources */ = {isa = PBXBuildFile; fileRef = AA2CD2041BEEB66900942C4B /* AudioAnswer+CoreDataProperties.m */; };
		AA2CD2121BEEB66900942C4B /* AudioAnswer.m in Sources */ = {isa = PBXBuildFile; fileRef = AA2CD2061BEEB66900942C4B /* AudioAnswer.m */; };
		AA2CD2131BEEB66900942C4B /* AudioQuestion+CoreDataProperties.m in Sources */ = {isa = PBXBuildFile; fileRef = AA2CD2081BEEB66900942C4B /* AudioQuestion+CoreDataProperties.m */; };
		AA2CD2141BEEB66900942C4B /* AudioQuestion.m in Sources */ = {isa = PBXBuildFile; fileRef = AA2CD20A1BEEB66900942C4B /* AudioQuestion.m */; };
		AA2CD2151BEEB66900942C4B /* Question+CoreDataProperties.m in Sources */ = {isa = PBXBuildFile; fileRef = AA2CD20C1BEEB66900942C4B /* Question+CoreDataProperties.m */; };
		AA2CD2161BEEB66900942C4B /* Question.m in Sources */ = {isa = PBXBuildFile; fileRef = AA2CD20E1BEEB66900942C4B /* Question.m */; };
		AA2CD21B1BEEC86100942C4B /* AudioQuestionViewController.m in Sources */ = {isa = PBXBuildFile; fileRef = AA2CD21A1BEEC86100942C4B /* AudioQuestionViewController.m */; };
		AA2CD2241BEEDE7400942C4B /* sample.mp3 in Resources */ = {isa = PBXBuildFile; fileRef = AA2CD2231BEEDE7400942C4B /* sample.mp3 */; };
		AA2CD2281BEEF21F00942C4B /* QuestionViewController.m in Sources */ = {isa = PBXBuildFile; fileRef = AA2CD2271BEEF21F00942C4B /* QuestionViewController.m */; };
		AA2CD23D1BEEF43D00942C4B /* DrawingQuestion+CoreDataProperties.m in Sources */ = {isa = PBXBuildFile; fileRef = AA2CD2361BEEF43D00942C4B /* DrawingQuestion+CoreDataProperties.m */; };
		AA2CD23E1BEEF43D00942C4B /* DrawingQuestion.m in Sources */ = {isa = PBXBuildFile; fileRef = AA2CD2381BEEF43D00942C4B /* DrawingQuestion.m */; };
		AA2CD23F1BEEF43D00942C4B /* DrawingAnswer+CoreDataProperties.m in Sources */ = {isa = PBXBuildFile; fileRef = AA2CD23A1BEEF43D00942C4B /* DrawingAnswer+CoreDataProperties.m */; };
		AA2CD2401BEEF43D00942C4B /* DrawingAnswer.m in Sources */ = {isa = PBXBuildFile; fileRef = AA2CD23C1BEEF43D00942C4B /* DrawingAnswer.m */; };
		AA2CD2431BEEF46700942C4B /* DrawingQuestionViewController.m in Sources */ = {isa = PBXBuildFile; fileRef = AA2CD2421BEEF46700942C4B /* DrawingQuestionViewController.m */; };
		AA2CD2481BEF071D00942C4B /* cube.png in Resources */ = {isa = PBXBuildFile; fileRef = AA2CD2471BEF071D00942C4B /* cube.png */; };
		AABBD95B1BEE86EB00B6A183 /* main.m in Sources */ = {isa = PBXBuildFile; fileRef = AABBD95A1BEE86EB00B6A183 /* main.m */; };
		AABBD95E1BEE86EB00B6A183 /* AppDelegate.m in Sources */ = {isa = PBXBuildFile; fileRef = AABBD95D1BEE86EB00B6A183 /* AppDelegate.m */; };
		AABBD9641BEE86EB00B6A183 /* SecondViewController.m in Sources */ = {isa = PBXBuildFile; fileRef = AABBD9631BEE86EB00B6A183 /* SecondViewController.m */; };
		AABBD9671BEE86EB00B6A183 /* Main.storyboard in Resources */ = {isa = PBXBuildFile; fileRef = AABBD9651BEE86EB00B6A183 /* Main.storyboard */; };
		AABBD9691BEE86EB00B6A183 /* Assets.xcassets in Resources */ = {isa = PBXBuildFile; fileRef = AABBD9681BEE86EB00B6A183 /* Assets.xcassets */; };
/* End PBXBuildFile section */

/* Begin PBXFileReference section */
		0BDC0B7073947D6AE7B4BF51 /* libPods-dementiahack.a */ = {isa = PBXFileReference; explicitFileType = archive.ar; includeInIndex = 0; path = "libPods-dementiahack.a"; sourceTree = BUILT_PRODUCTS_DIR; };
		7596B14EC483351B182F7E72 /* Pods-dementiahack.release.xcconfig */ = {isa = PBXFileReference; includeInIndex = 1; lastKnownFileType = text.xcconfig; name = "Pods-dementiahack.release.xcconfig"; path = "Pods/Target Support Files/Pods-dementiahack/Pods-dementiahack.release.xcconfig"; sourceTree = "<group>"; };
		AA2CD1F21BEE9D3500942C4B /* StartViewController.h */ = {isa = PBXFileReference; fileEncoding = 4; lastKnownFileType = sourcecode.c.h; path = StartViewController.h; sourceTree = "<group>"; };
		AA2CD1F31BEE9D3500942C4B /* StartViewController.m */ = {isa = PBXFileReference; fileEncoding = 4; lastKnownFileType = sourcecode.c.objc; path = StartViewController.m; sourceTree = "<group>"; };
		AA2CD1FD1BEEAF9300942C4B /* Database.xcdatamodel */ = {isa = PBXFileReference; lastKnownFileType = wrapper.xcdatamodel; path = Database.xcdatamodel; sourceTree = "<group>"; };
		AA2CD1FF1BEEB66900942C4B /* Answer+CoreDataProperties.h */ = {isa = PBXFileReference; fileEncoding = 4; lastKnownFileType = sourcecode.c.h; path = "Answer+CoreDataProperties.h"; sourceTree = "<group>"; };
		AA2CD2001BEEB66900942C4B /* Answer+CoreDataProperties.m */ = {isa = PBXFileReference; fileEncoding = 4; lastKnownFileType = sourcecode.c.objc; path = "Answer+CoreDataProperties.m"; sourceTree = "<group>"; };
		AA2CD2011BEEB66900942C4B /* Answer.h */ = {isa = PBXFileReference; fileEncoding = 4; lastKnownFileType = sourcecode.c.h; path = Answer.h; sourceTree = "<group>"; };
		AA2CD2021BEEB66900942C4B /* Answer.m */ = {isa = PBXFileReference; fileEncoding = 4; lastKnownFileType = sourcecode.c.objc; path = Answer.m; sourceTree = "<group>"; };
		AA2CD2031BEEB66900942C4B /* AudioAnswer+CoreDataProperties.h */ = {isa = PBXFileReference; fileEncoding = 4; lastKnownFileType = sourcecode.c.h; path = "AudioAnswer+CoreDataProperties.h"; sourceTree = "<group>"; };
		AA2CD2041BEEB66900942C4B /* AudioAnswer+CoreDataProperties.m */ = {isa = PBXFileReference; fileEncoding = 4; lastKnownFileType = sourcecode.c.objc; path = "AudioAnswer+CoreDataProperties.m"; sourceTree = "<group>"; };
		AA2CD2051BEEB66900942C4B /* AudioAnswer.h */ = {isa = PBXFileReference; fileEncoding = 4; lastKnownFileType = sourcecode.c.h; path = AudioAnswer.h; sourceTree = "<group>"; };
		AA2CD2061BEEB66900942C4B /* AudioAnswer.m */ = {isa = PBXFileReference; fileEncoding = 4; lastKnownFileType = sourcecode.c.objc; path = AudioAnswer.m; sourceTree = "<group>"; };
		AA2CD2071BEEB66900942C4B /* AudioQuestion+CoreDataProperties.h */ = {isa = PBXFileReference; fileEncoding = 4; lastKnownFileType = sourcecode.c.h; path = "AudioQuestion+CoreDataProperties.h"; sourceTree = "<group>"; };
		AA2CD2081BEEB66900942C4B /* AudioQuestion+CoreDataProperties.m */ = {isa = PBXFileReference; fileEncoding = 4; lastKnownFileType = sourcecode.c.objc; path = "AudioQuestion+CoreDataProperties.m"; sourceTree = "<group>"; };
		AA2CD2091BEEB66900942C4B /* AudioQuestion.h */ = {isa = PBXFileReference; fileEncoding = 4; lastKnownFileType = sourcecode.c.h; path = AudioQuestion.h; sourceTree = "<group>"; };
		AA2CD20A1BEEB66900942C4B /* AudioQuestion.m */ = {isa = PBXFileReference; fileEncoding = 4; lastKnownFileType = sourcecode.c.objc; path = AudioQuestion.m; sourceTree = "<group>"; };
		AA2CD20B1BEEB66900942C4B /* Question+CoreDataProperties.h */ = {isa = PBXFileReference; fileEncoding = 4; lastKnownFileType = sourcecode.c.h; path = "Question+CoreDataProperties.h"; sourceTree = "<group>"; };
		AA2CD20C1BEEB66900942C4B /* Question+CoreDataProperties.m */ = {isa = PBXFileReference; fileEncoding = 4; lastKnownFileType = sourcecode.c.objc; path = "Question+CoreDataProperties.m"; sourceTree = "<group>"; };
		AA2CD20D1BEEB66900942C4B /* Question.h */ = {isa = PBXFileReference; fileEncoding = 4; lastKnownFileType = sourcecode.c.h; path = Question.h; sourceTree = "<group>"; };
		AA2CD20E1BEEB66900942C4B /* Question.m */ = {isa = PBXFileReference; fileEncoding = 4; lastKnownFileType = sourcecode.c.objc; path = Question.m; sourceTree = "<group>"; };
		AA2CD2191BEEC86100942C4B /* AudioQuestionViewController.h */ = {isa = PBXFileReference; fileEncoding = 4; lastKnownFileType = sourcecode.c.h; path = AudioQuestionViewController.h; sourceTree = "<group>"; };
		AA2CD21A1BEEC86100942C4B /* AudioQuestionViewController.m */ = {isa = PBXFileReference; fileEncoding = 4; lastKnownFileType = sourcecode.c.objc; path = AudioQuestionViewController.m; sourceTree = "<group>"; };
		AA2CD2231BEEDE7400942C4B /* sample.mp3 */ = {isa = PBXFileReference; lastKnownFileType = audio.mp3; name = sample.mp3; path = ../../../Downloads/sample.mp3; sourceTree = "<group>"; };
		AA2CD2261BEEF21F00942C4B /* QuestionViewController.h */ = {isa = PBXFileReference; fileEncoding = 4; lastKnownFileType = sourcecode.c.h; path = QuestionViewController.h; sourceTree = "<group>"; };
		AA2CD2271BEEF21F00942C4B /* QuestionViewController.m */ = {isa = PBXFileReference; fileEncoding = 4; lastKnownFileType = sourcecode.c.objc; path = QuestionViewController.m; sourceTree = "<group>"; };
		AA2CD2351BEEF43D00942C4B /* DrawingQuestion+CoreDataProperties.h */ = {isa = PBXFileReference; fileEncoding = 4; lastKnownFileType = sourcecode.c.h; path = "DrawingQuestion+CoreDataProperties.h"; sourceTree = "<group>"; };
		AA2CD2361BEEF43D00942C4B /* DrawingQuestion+CoreDataProperties.m */ = {isa = PBXFileReference; fileEncoding = 4; lastKnownFileType = sourcecode.c.objc; path = "DrawingQuestion+CoreDataProperties.m"; sourceTree = "<group>"; };
		AA2CD2371BEEF43D00942C4B /* DrawingQuestion.h */ = {isa = PBXFileReference; fileEncoding = 4; lastKnownFileType = sourcecode.c.h; path = DrawingQuestion.h; sourceTree = "<group>"; };
		AA2CD2381BEEF43D00942C4B /* DrawingQuestion.m */ = {isa = PBXFileReference; fileEncoding = 4; lastKnownFileType = sourcecode.c.objc; path = DrawingQuestion.m; sourceTree = "<group>"; };
		AA2CD2391BEEF43D00942C4B /* DrawingAnswer+CoreDataProperties.h */ = {isa = PBXFileReference; fileEncoding = 4; lastKnownFileType = sourcecode.c.h; path = "DrawingAnswer+CoreDataProperties.h"; sourceTree = "<group>"; };
		AA2CD23A1BEEF43D00942C4B /* DrawingAnswer+CoreDataProperties.m */ = {isa = PBXFileReference; fileEncoding = 4; lastKnownFileType = sourcecode.c.objc; path = "DrawingAnswer+CoreDataProperties.m"; sourceTree = "<group>"; };
		AA2CD23B1BEEF43D00942C4B /* DrawingAnswer.h */ = {isa = PBXFileReference; fileEncoding = 4; lastKnownFileType = sourcecode.c.h; path = DrawingAnswer.h; sourceTree = "<group>"; };
		AA2CD23C1BEEF43D00942C4B /* DrawingAnswer.m */ = {isa = PBXFileReference; fileEncoding = 4; lastKnownFileType = sourcecode.c.objc; path = DrawingAnswer.m; sourceTree = "<group>"; };
		AA2CD2411BEEF46700942C4B /* DrawingQuestionViewController.h */ = {isa = PBXFileReference; fileEncoding = 4; lastKnownFileType = sourcecode.c.h; path = DrawingQuestionViewController.h; sourceTree = "<group>"; };
		AA2CD2421BEEF46700942C4B /* DrawingQuestionViewController.m */ = {isa = PBXFileReference; fileEncoding = 4; lastKnownFileType = sourcecode.c.objc; path = DrawingQuestionViewController.m; sourceTree = "<group>"; };
		AA2CD2471BEF071D00942C4B /* cube.png */ = {isa = PBXFileReference; lastKnownFileType = image.png; name = cube.png; path = ../../../Downloads/cube.png; sourceTree = "<group>"; };
		AABBD9561BEE86EB00B6A183 /* dementiahack.app */ = {isa = PBXFileReference; explicitFileType = wrapper.application; includeInIndex = 0; path = dementiahack.app; sourceTree = BUILT_PRODUCTS_DIR; };
		AABBD95A1BEE86EB00B6A183 /* main.m */ = {isa = PBXFileReference; lastKnownFileType = sourcecode.c.objc; path = main.m; sourceTree = "<group>"; };
		AABBD95C1BEE86EB00B6A183 /* AppDelegate.h */ = {isa = PBXFileReference; lastKnownFileType = sourcecode.c.h; path = AppDelegate.h; sourceTree = "<group>"; };
		AABBD95D1BEE86EB00B6A183 /* AppDelegate.m */ = {isa = PBXFileReference; lastKnownFileType = sourcecode.c.objc; path = AppDelegate.m; sourceTree = "<group>"; };
		AABBD9621BEE86EB00B6A183 /* SecondViewController.h */ = {isa = PBXFileReference; lastKnownFileType = sourcecode.c.h; path = SecondViewController.h; sourceTree = "<group>"; };
		AABBD9631BEE86EB00B6A183 /* SecondViewController.m */ = {isa = PBXFileReference; lastKnownFileType = sourcecode.c.objc; path = SecondViewController.m; sourceTree = "<group>"; };
		AABBD9661BEE86EB00B6A183 /* Base */ = {isa = PBXFileReference; lastKnownFileType = file.storyboard; name = Base; path = Base.lproj/Main.storyboard; sourceTree = "<group>"; };
		AABBD9681BEE86EB00B6A183 /* Assets.xcassets */ = {isa = PBXFileReference; lastKnownFileType = folder.assetcatalog; path = Assets.xcassets; sourceTree = "<group>"; };
		AABBD96D1BEE86EB00B6A183 /* Info.plist */ = {isa = PBXFileReference; lastKnownFileType = text.plist.xml; path = Info.plist; sourceTree = "<group>"; };
		BA6ED865BA788609DF4F63CA /* Pods-dementiahack.debug.xcconfig */ = {isa = PBXFileReference; includeInIndex = 1; lastKnownFileType = text.xcconfig; name = "Pods-dementiahack.debug.xcconfig"; path = "Pods/Target Support Files/Pods-dementiahack/Pods-dementiahack.debug.xcconfig"; sourceTree = "<group>"; };
/* End PBXFileReference section */

/* Begin PBXFrameworksBuildPhase section */
		AABBD9531BEE86EB00B6A183 /* Frameworks */ = {
			isa = PBXFrameworksBuildPhase;
			buildActionMask = 2147483647;
			files = (
				360622BF3A74601B75290B3C /* libPods-dementiahack.a in Frameworks */,
			);
			runOnlyForDeploymentPostprocessing = 0;
		};
/* End PBXFrameworksBuildPhase section */

/* Begin PBXGroup section */
		8707895753574B8E0E6E655C /* Frameworks */ = {
			isa = PBXGroup;
			children = (
				0BDC0B7073947D6AE7B4BF51 /* libPods-dementiahack.a */,
			);
			name = Frameworks;
			sourceTree = "<group>";
		};
		AA2CD1F81BEEAEEB00942C4B /* Models */ = {
			isa = PBXGroup;
			children = (
				AA2CD2351BEEF43D00942C4B /* DrawingQuestion+CoreDataProperties.h */,
				AA2CD2361BEEF43D00942C4B /* DrawingQuestion+CoreDataProperties.m */,
				AA2CD2371BEEF43D00942C4B /* DrawingQuestion.h */,
				AA2CD2381BEEF43D00942C4B /* DrawingQuestion.m */,
				AA2CD2391BEEF43D00942C4B /* DrawingAnswer+CoreDataProperties.h */,
				AA2CD23A1BEEF43D00942C4B /* DrawingAnswer+CoreDataProperties.m */,
				AA2CD23B1BEEF43D00942C4B /* DrawingAnswer.h */,
				AA2CD23C1BEEF43D00942C4B /* DrawingAnswer.m */,
				AA2CD1FF1BEEB66900942C4B /* Answer+CoreDataProperties.h */,
				AA2CD2001BEEB66900942C4B /* Answer+CoreDataProperties.m */,
				AA2CD2011BEEB66900942C4B /* Answer.h */,
				AA2CD2021BEEB66900942C4B /* Answer.m */,
				AA2CD2031BEEB66900942C4B /* AudioAnswer+CoreDataProperties.h */,
				AA2CD2041BEEB66900942C4B /* AudioAnswer+CoreDataProperties.m */,
				AA2CD2051BEEB66900942C4B /* AudioAnswer.h */,
				AA2CD2061BEEB66900942C4B /* AudioAnswer.m */,
				AA2CD2071BEEB66900942C4B /* AudioQuestion+CoreDataProperties.h */,
				AA2CD2081BEEB66900942C4B /* AudioQuestion+CoreDataProperties.m */,
				AA2CD2091BEEB66900942C4B /* AudioQuestion.h */,
				AA2CD20A1BEEB66900942C4B /* AudioQuestion.m */,
				AA2CD20B1BEEB66900942C4B /* Question+CoreDataProperties.h */,
				AA2CD20C1BEEB66900942C4B /* Question+CoreDataProperties.m */,
				AA2CD20D1BEEB66900942C4B /* Question.h */,
				AA2CD20E1BEEB66900942C4B /* Question.m */,
				AA2CD1FC1BEEAF9200942C4B /* Database.xcdatamodeld */,
			);
			name = Models;
			sourceTree = "<group>";
		};
		AA2CD2201BEED67100942C4B /* Audio */ = {
			isa = PBXGroup;
			children = (
				AA2CD2231BEEDE7400942C4B /* sample.mp3 */,
			);
			name = Audio;
			sourceTree = "<group>";
		};
		AA2CD2491BEF074E00942C4B /* Drawing */ = {
			isa = PBXGroup;
			children = (
				AA2CD2471BEF071D00942C4B /* cube.png */,
			);
			name = Drawing;
			sourceTree = "<group>";
		};
		AABBD94D1BEE86EB00B6A183 = {
			isa = PBXGroup;
			children = (
				AABBD9581BEE86EB00B6A183 /* dementiahack */,
				AABBD9571BEE86EB00B6A183 /* Products */,
				DC8E126E6C8147DE610B7AE3 /* Pods */,
				8707895753574B8E0E6E655C /* Frameworks */,
			);
			sourceTree = "<group>";
		};
		AABBD9571BEE86EB00B6A183 /* Products */ = {
			isa = PBXGroup;
			children = (
				AABBD9561BEE86EB00B6A183 /* dementiahack.app */,
			);
			name = Products;
			sourceTree = "<group>";
		};
		AABBD9581BEE86EB00B6A183 /* dementiahack */ = {
			isa = PBXGroup;
			children = (
				AA2CD2491BEF074E00942C4B /* Drawing */,
				AA2CD2201BEED67100942C4B /* Audio */,
				AA2CD1F81BEEAEEB00942C4B /* Models */,
				AABBD95C1BEE86EB00B6A183 /* AppDelegate.h */,
				AABBD95D1BEE86EB00B6A183 /* AppDelegate.m */,
				AA2CD1F21BEE9D3500942C4B /* StartViewController.h */,
				AA2CD1F31BEE9D3500942C4B /* StartViewController.m */,
				AABBD9621BEE86EB00B6A183 /* SecondViewController.h */,
				AABBD9631BEE86EB00B6A183 /* SecondViewController.m */,
				AA2CD2261BEEF21F00942C4B /* QuestionViewController.h */,
				AA2CD2271BEEF21F00942C4B /* QuestionViewController.m */,
				AA2CD2191BEEC86100942C4B /* AudioQuestionViewController.h */,
				AA2CD21A1BEEC86100942C4B /* AudioQuestionViewController.m */,
				AA2CD2411BEEF46700942C4B /* DrawingQuestionViewController.h */,
				AA2CD2421BEEF46700942C4B /* DrawingQuestionViewController.m */,
				AABBD9651BEE86EB00B6A183 /* Main.storyboard */,
				AABBD9681BEE86EB00B6A183 /* Assets.xcassets */,
				AABBD96D1BEE86EB00B6A183 /* Info.plist */,
				AABBD9591BEE86EB00B6A183 /* Supporting Files */,
			);
			path = dementiahack;
			sourceTree = "<group>";
		};
		AABBD9591BEE86EB00B6A183 /* Supporting Files */ = {
			isa = PBXGroup;
			children = (
				AABBD95A1BEE86EB00B6A183 /* main.m */,
			);
			name = "Supporting Files";
			sourceTree = "<group>";
		};
		DC8E126E6C8147DE610B7AE3 /* Pods */ = {
			isa = PBXGroup;
			children = (
				BA6ED865BA788609DF4F63CA /* Pods-dementiahack.debug.xcconfig */,
				7596B14EC483351B182F7E72 /* Pods-dementiahack.release.xcconfig */,
			);
			name = Pods;
			sourceTree = "<group>";
		};
/* End PBXGroup section */

/* Begin PBXNativeTarget section */
		AABBD9551BEE86EB00B6A183 /* dementiahack */ = {
			isa = PBXNativeTarget;
			buildConfigurationList = AABBD9701BEE86EB00B6A183 /* Build configuration list for PBXNativeTarget "dementiahack" */;
			buildPhases = (
				DA80A46F9893A9A922EFAC3F /* Check Pods Manifest.lock */,
				AABBD9521BEE86EB00B6A183 /* Sources */,
				AABBD9531BEE86EB00B6A183 /* Frameworks */,
				AABBD9541BEE86EB00B6A183 /* Resources */,
				BF11C36261ADBDFB78CA2301 /* Embed Pods Frameworks */,
				03ED6408E09EEC4D85540C71 /* Copy Pods Resources */,
			);
			buildRules = (
			);
			dependencies = (
			);
			name = dementiahack;
			productName = dementiahack;
			productReference = AABBD9561BEE86EB00B6A183 /* dementiahack.app */;
			productType = "com.apple.product-type.application";
		};
/* End PBXNativeTarget section */

/* Begin PBXProject section */
		AABBD94E1BEE86EB00B6A183 /* Project object */ = {
			isa = PBXProject;
			attributes = {
				LastUpgradeCheck = 0710;
				ORGANIZATIONNAME = Main;
				TargetAttributes = {
					AABBD9551BEE86EB00B6A183 = {
						CreatedOnToolsVersion = 7.1;
					};
				};
			};
			buildConfigurationList = AABBD9511BEE86EB00B6A183 /* Build configuration list for PBXProject "dementiahack" */;
			compatibilityVersion = "Xcode 3.2";
			developmentRegion = English;
			hasScannedForEncodings = 0;
			knownRegions = (
				en,
				Base,
			);
			mainGroup = AABBD94D1BEE86EB00B6A183;
			productRefGroup = AABBD9571BEE86EB00B6A183 /* Products */;
			projectDirPath = "";
			projectRoot = "";
			targets = (
				AABBD9551BEE86EB00B6A183 /* dementiahack */,
			);
		};
/* End PBXProject section */

/* Begin PBXResourcesBuildPhase section */
		AABBD9541BEE86EB00B6A183 /* Resources */ = {
			isa = PBXResourcesBuildPhase;
			buildActionMask = 2147483647;
			files = (
				AA2CD2481BEF071D00942C4B /* cube.png in Resources */,
				AABBD9691BEE86EB00B6A183 /* Assets.xcassets in Resources */,
				AA2CD2241BEEDE7400942C4B /* sample.mp3 in Resources */,
				AABBD9671BEE86EB00B6A183 /* Main.storyboard in Resources */,
			);
			runOnlyForDeploymentPostprocessing = 0;
		};
/* End PBXResourcesBuildPhase section */

/* Begin PBXShellScriptBuildPhase section */
		03ED6408E09EEC4D85540C71 /* Copy Pods Resources */ = {
			isa = PBXShellScriptBuildPhase;
			buildActionMask = 2147483647;
			files = (
			);
			inputPaths = (
			);
			name = "Copy Pods Resources";
			outputPaths = (
			);
			runOnlyForDeploymentPostprocessing = 0;
			shellPath = /bin/sh;
			shellScript = "\"${SRCROOT}/Pods/Target Support Files/Pods-dementiahack/Pods-dementiahack-resources.sh\"\n";
			showEnvVarsInLog = 0;
		};
		BF11C36261ADBDFB78CA2301 /* Embed Pods Frameworks */ = {
			isa = PBXShellScriptBuildPhase;
			buildActionMask = 2147483647;
			files = (
			);
			inputPaths = (
			);
			name = "Embed Pods Frameworks";
			outputPaths = (
			);
			runOnlyForDeploymentPostprocessing = 0;
			shellPath = /bin/sh;
			shellScript = "\"${SRCROOT}/Pods/Target Support Files/Pods-dementiahack/Pods-dementiahack-frameworks.sh\"\n";
			showEnvVarsInLog = 0;
		};
		DA80A46F9893A9A922EFAC3F /* Check Pods Manifest.lock */ = {
			isa = PBXShellScriptBuildPhase;
			buildActionMask = 2147483647;
			files = (
			);
			inputPaths = (
			);
			name = "Check Pods Manifest.lock";
			outputPaths = (
			);
			runOnlyForDeploymentPostprocessing = 0;
			shellPath = /bin/sh;
			shellScript = "diff \"${PODS_ROOT}/../Podfile.lock\" \"${PODS_ROOT}/Manifest.lock\" > /dev/null\nif [[ $? != 0 ]] ; then\n    cat << EOM\nerror: The sandbox is not in sync with the Podfile.lock. Run 'pod install' or update your CocoaPods installation.\nEOM\n    exit 1\nfi\n";
			showEnvVarsInLog = 0;
		};
/* End PBXShellScriptBuildPhase section */

/* Begin PBXSourcesBuildPhase section */
		AABBD9521BEE86EB00B6A183 /* Sources */ = {
			isa = PBXSourcesBuildPhase;
			buildActionMask = 2147483647;
			files = (
				AABBD9641BEE86EB00B6A183 /* SecondViewController.m in Sources */,
				AA2CD20F1BEEB66900942C4B /* Answer+CoreDataProperties.m in Sources */,
				AA2CD2101BEEB66900942C4B /* Answer.m in Sources */,
				AA2CD2141BEEB66900942C4B /* AudioQuestion.m in Sources */,
				AA2CD23F1BEEF43D00942C4B /* DrawingAnswer+CoreDataProperties.m in Sources */,
				AA2CD2431BEEF46700942C4B /* DrawingQuestionViewController.m in Sources */,
				AA2CD2131BEEB66900942C4B /* AudioQuestion+CoreDataProperties.m in Sources */,
				AABBD95E1BEE86EB00B6A183 /* AppDelegate.m in Sources */,
				AA2CD2111BEEB66900942C4B /* AudioAnswer+CoreDataProperties.m in Sources */,
				AA2CD21B1BEEC86100942C4B /* AudioQuestionViewController.m in Sources */,
				AA2CD2151BEEB66900942C4B /* Question+CoreDataProperties.m in Sources */,
				AA2CD23E1BEEF43D00942C4B /* DrawingQuestion.m in Sources */,
				AA2CD1F41BEE9D3500942C4B /* StartViewController.m in Sources */,
				AA2CD2401BEEF43D00942C4B /* DrawingAnswer.m in Sources */,
				AA2CD1FE1BEEAF9300942C4B /* Database.xcdatamodeld in Sources */,
				AA2CD2281BEEF21F00942C4B /* QuestionViewController.m in Sources */,
				AA2CD2161BEEB66900942C4B /* Question.m in Sources */,
				AA2CD2121BEEB66900942C4B /* AudioAnswer.m in Sources */,
				AA2CD23D1BEEF43D00942C4B /* DrawingQuestion+CoreDataProperties.m in Sources */,
				AABBD95B1BEE86EB00B6A183 /* main.m in Sources */,
			);
			runOnlyForDeploymentPostprocessing = 0;
		};
/* End PBXSourcesBuildPhase section */

/* Begin PBXVariantGroup section */
		AABBD9651BEE86EB00B6A183 /* Main.storyboard */ = {
			isa = PBXVariantGroup;
			children = (
				AABBD9661BEE86EB00B6A183 /* Base */,
			);
			name = Main.storyboard;
			sourceTree = "<group>";
		};
/* End PBXVariantGroup section */

/* Begin XCBuildConfiguration section */
		AABBD96E1BEE86EB00B6A183 /* Debug */ = {
			isa = XCBuildConfiguration;
			buildSettings = {
				ALWAYS_SEARCH_USER_PATHS = NO;
				CLANG_CXX_LANGUAGE_STANDARD = "gnu++0x";
				CLANG_CXX_LIBRARY = "libc++";
				CLANG_ENABLE_MODULES = YES;
				CLANG_ENABLE_OBJC_ARC = YES;
				CLANG_WARN_BOOL_CONVERSION = YES;
				CLANG_WARN_CONSTANT_CONVERSION = YES;
				CLANG_WARN_DIRECT_OBJC_ISA_USAGE = YES_ERROR;
				CLANG_WARN_EMPTY_BODY = YES;
				CLANG_WARN_ENUM_CONVERSION = YES;
				CLANG_WARN_INT_CONVERSION = YES;
				CLANG_WARN_OBJC_ROOT_CLASS = YES_ERROR;
				CLANG_WARN_UNREACHABLE_CODE = YES;
				CLANG_WARN__DUPLICATE_METHOD_MATCH = YES;
				"CODE_SIGN_IDENTITY[sdk=iphoneos*]" = "iPhone Developer";
				COPY_PHASE_STRIP = NO;
				DEBUG_INFORMATION_FORMAT = dwarf;
				ENABLE_STRICT_OBJC_MSGSEND = YES;
				ENABLE_TESTABILITY = YES;
				GCC_C_LANGUAGE_STANDARD = gnu99;
				GCC_DYNAMIC_NO_PIC = NO;
				GCC_NO_COMMON_BLOCKS = YES;
				GCC_OPTIMIZATION_LEVEL = 0;
				GCC_PREPROCESSOR_DEFINITIONS = (
					"DEBUG=1",
					"$(inherited)",
				);
				GCC_WARN_64_TO_32_BIT_CONVERSION = YES;
				GCC_WARN_ABOUT_RETURN_TYPE = YES_ERROR;
				GCC_WARN_UNDECLARED_SELECTOR = YES;
				GCC_WARN_UNINITIALIZED_AUTOS = YES_AGGRESSIVE;
				GCC_WARN_UNUSED_FUNCTION = YES;
				GCC_WARN_UNUSED_VARIABLE = YES;
				IPHONEOS_DEPLOYMENT_TARGET = 9.1;
				MTL_ENABLE_DEBUG_INFO = YES;
				ONLY_ACTIVE_ARCH = YES;
				SDKROOT = iphoneos;
			};
			name = Debug;
		};
		AABBD96F1BEE86EB00B6A183 /* Release */ = {
			isa = XCBuildConfiguration;
			buildSettings = {
				ALWAYS_SEARCH_USER_PATHS = NO;
				CLANG_CXX_LANGUAGE_STANDARD = "gnu++0x";
				CLANG_CXX_LIBRARY = "libc++";
				CLANG_ENABLE_MODULES = YES;
				CLANG_ENABLE_OBJC_ARC = YES;
				CLANG_WARN_BOOL_CONVERSION = YES;
				CLANG_WARN_CONSTANT_CONVERSION = YES;
				CLANG_WARN_DIRECT_OBJC_ISA_USAGE = YES_ERROR;
				CLANG_WARN_EMPTY_BODY = YES;
				CLANG_WARN_ENUM_CONVERSION = YES;
				CLANG_WARN_INT_CONVERSION = YES;
				CLANG_WARN_OBJC_ROOT_CLASS = YES_ERROR;
				CLANG_WARN_UNREACHABLE_CODE = YES;
				CLANG_WARN__DUPLICATE_METHOD_MATCH = YES;
				"CODE_SIGN_IDENTITY[sdk=iphoneos*]" = "iPhone Developer";
				COPY_PHASE_STRIP = NO;
				DEBUG_INFORMATION_FORMAT = "dwarf-with-dsym";
				ENABLE_NS_ASSERTIONS = NO;
				ENABLE_STRICT_OBJC_MSGSEND = YES;
				GCC_C_LANGUAGE_STANDARD = gnu99;
				GCC_NO_COMMON_BLOCKS = YES;
				GCC_WARN_64_TO_32_BIT_CONVERSION = YES;
				GCC_WARN_ABOUT_RETURN_TYPE = YES_ERROR;
				GCC_WARN_UNDECLARED_SELECTOR = YES;
				GCC_WARN_UNINITIALIZED_AUTOS = YES_AGGRESSIVE;
				GCC_WARN_UNUSED_FUNCTION = YES;
				GCC_WARN_UNUSED_VARIABLE = YES;
				IPHONEOS_DEPLOYMENT_TARGET = 9.1;
				MTL_ENABLE_DEBUG_INFO = NO;
				SDKROOT = iphoneos;
				VALIDATE_PRODUCT = YES;
			};
			name = Release;
		};
		AABBD9711BEE86EB00B6A183 /* Debug */ = {
			isa = XCBuildConfiguration;
			baseConfigurationReference = BA6ED865BA788609DF4F63CA /* Pods-dementiahack.debug.xcconfig */;
			buildSettings = {
				ASSETCATALOG_COMPILER_APPICON_NAME = AppIcon;
				INFOPLIST_FILE = dementiahack/Info.plist;
				LD_RUNPATH_SEARCH_PATHS = "$(inherited) @executable_path/Frameworks";
				PRODUCT_BUNDLE_IDENTIFIER = com.mdhack.dementiahack;
				PRODUCT_NAME = "$(TARGET_NAME)";
			};
			name = Debug;
		};
		AABBD9721BEE86EB00B6A183 /* Release */ = {
			isa = XCBuildConfiguration;
			baseConfigurationReference = 7596B14EC483351B182F7E72 /* Pods-dementiahack.release.xcconfig */;
			buildSettings = {
				ASSETCATALOG_COMPILER_APPICON_NAME = AppIcon;
				INFOPLIST_FILE = dementiahack/Info.plist;
				LD_RUNPATH_SEARCH_PATHS = "$(inherited) @executable_path/Frameworks";
				PRODUCT_BUNDLE_IDENTIFIER = com.mdhack.dementiahack;
				PRODUCT_NAME = "$(TARGET_NAME)";
			};
			name = Release;
		};
/* End XCBuildConfiguration section */

/* Begin XCConfigurationList section */
		AABBD9511BEE86EB00B6A183 /* Build configuration list for PBXProject "dementiahack" */ = {
			isa = XCConfigurationList;
			buildConfigurations = (
				AABBD96E1BEE86EB00B6A183 /* Debug */,
				AABBD96F1BEE86EB00B6A183 /* Release */,
			);
			defaultConfigurationIsVisible = 0;
			defaultConfigurationName = Release;
		};
		AABBD9701BEE86EB00B6A183 /* Build configuration list for PBXNativeTarget "dementiahack" */ = {
			isa = XCConfigurationList;
			buildConfigurations = (
				AABBD9711BEE86EB00B6A183 /* Debug */,
				AABBD9721BEE86EB00B6A183 /* Release */,
			);
			defaultConfigurationIsVisible = 0;
			defaultConfigurationName = Release;
		};
/* End XCConfigurationList section */

/* Begin XCVersionGroup section */
		AA2CD1FC1BEEAF9200942C4B /* Database.xcdatamodeld */ = {
			isa = XCVersionGroup;
			children = (
				AA2CD1FD1BEEAF9300942C4B /* Database.xcdatamodel */,
			);
			currentVersion = AA2CD1FD1BEEAF9300942C4B /* Database.xcdatamodel */;
			path = Database.xcdatamodeld;
			sourceTree = "<group>";
			versionGroupType = wrapper.xcdatamodel;
		};
/* End XCVersionGroup section */
	};
	rootObject = AABBD94E1BEE86EB00B6A183 /* Project object */;
}
